
Microsoft Visual Studio Solution File, Format Version 12.00
# Visual Studio 15
VisualStudioVersion = 15.0.27703.2026
MinimumVisualStudioVersion = 10.0.40219.1
Project("{FAE04EC0-301F-11D3-BF4B-00C04F79EFBC}") = "BowlingKata", "BowlingKata\BowlingKata.csproj", "{9B607DB4-4C70-4D47-87DF-744B6F7F7FE5}"
EndProject
Project("{FAE04EC0-301F-11D3-BF4B-00C04F79EFBC}") = "BowlingKata.Tests", "BowlingKata.Tests\BowlingKata.Tests.csproj", "{40D3E3A4-9B83-449B-8BE1-A3D7B10BDECE}"
EndProject
Global
	GlobalSection(SolutionConfigurationPlatforms) = preSolution
		Debug|Any CPU = Debug|Any CPU
		Release|Any CPU = Release|Any CPU
	EndGlobalSection
	GlobalSection(ProjectConfigurationPlatforms) = postSolution
		{9B607DB4-4C70-4D47-87DF-744B6F7F7FE5}.Debug|Any CPU.ActiveCfg = Debug|Any CPU
		{9B607DB4-4C70-4D47-87DF-744B6F7F7FE5}.Debug|Any CPU.Build.0 = Debug|Any CPU
		{9B607DB4-4C70-4D47-87DF-744B6F7F7FE5}.Release|Any CPU.ActiveCfg = Release|Any CPU
		{9B607DB4-4C70-4D47-87DF-744B6F7F7FE5}.Release|Any CPU.Build.0 = Release|Any CPU
		{40D3E3A4-9B83-449B-8BE1-A3D7B10BDECE}.Debug|Any CPU.ActiveCfg = Debug|Any CPU
		{40D3E3A4-9B83-449B-8BE1-A3D7B10BDECE}.Debug|Any CPU.Build.0 = Debug|Any CPU
		{40D3E3A4-9B83-449B-8BE1-A3D7B10BDECE}.Release|Any CPU.ActiveCfg = Release|Any CPU
		{40D3E3A4-9B83-449B-8BE1-A3D7B10BDECE}.Release|Any CPU.Build.0 = Release|Any CPU
	EndGlobalSection
	GlobalSection(SolutionProperties) = preSolution
		HideSolutionNode = FALSE
	EndGlobalSection
	GlobalSection(ExtensibilityGlobals) = postSolution
		SolutionGuid = {FEEAF337-C3C4-408A-8F0A-B9D393A6CB62}
	EndGlobalSection
EndGlobal
